// !$*UTF8*$!
{
	archiveVersion = 1;
	classes = {
	};
	objectVersion = 46;
	objects = {

/* Begin PBXBuildFile section */
		9E4AC0141C414BBB00C5D5C2 /* TableViewController.m in Sources */ = {isa = PBXBuildFile; fileRef = 9E4AC0131C414BBB00C5D5C2 /* TableViewController.m */; };
		9E4AC0171C414D8100C5D5C2 /* peopleInfo.m in Sources */ = {isa = PBXBuildFile; fileRef = 9E4AC0161C414D8100C5D5C2 /* peopleInfo.m */; };
		9E4AC01C1C41500100C5D5C2 /* DatabaseWorker.m in Sources */ = {isa = PBXBuildFile; fileRef = 9E4AC01B1C41500100C5D5C2 /* DatabaseWorker.m */; };
		9E4AC0211C41671900C5D5C2 /* addDataController.m in Sources */ = {isa = PBXBuildFile; fileRef = 9E4AC0201C41671900C5D5C2 /* addDataController.m */; };
		9E4AC0241C416D4800C5D5C2 /* EditDataViewController.m in Sources */ = {isa = PBXBuildFile; fileRef = 9E4AC0231C416D4800C5D5C2 /* EditDataViewController.m */; };
		9E4AC0261C4174E700C5D5C2 /* peopleInfo.sqlite3 in Resources */ = {isa = PBXBuildFile; fileRef = 9E4AC0251C4174E700C5D5C2 /* peopleInfo.sqlite3 */; };
		AA2397831C11D55900DB327F /* main.m in Sources */ = {isa = PBXBuildFile; fileRef = AA2397821C11D55900DB327F /* main.m */; };
		AA2397861C11D55900DB327F /* AppDelegate.m in Sources */ = {isa = PBXBuildFile; fileRef = AA2397851C11D55900DB327F /* AppDelegate.m */; };
		AA23978C1C11D55900DB327F /* Main.storyboard in Resources */ = {isa = PBXBuildFile; fileRef = AA23978A1C11D55900DB327F /* Main.storyboard */; };
		AA23978E1C11D55900DB327F /* Assets.xcassets in Resources */ = {isa = PBXBuildFile; fileRef = AA23978D1C11D55900DB327F /* Assets.xcassets */; };
		AA2397911C11D55900DB327F /* LaunchScreen.storyboard in Resources */ = {isa = PBXBuildFile; fileRef = AA23978F1C11D55900DB327F /* LaunchScreen.storyboard */; };
		AA23979E1C11DC4800DB327F /* libsqlite3.tbd in Frameworks */ = {isa = PBXBuildFile; fileRef = AA23979D1C11DC4800DB327F /* libsqlite3.tbd */; };
/* End PBXBuildFile section */

/* Begin PBXFileReference section */
		9E4AC0121C414BBB00C5D5C2 /* TableViewController.h */ = {isa = PBXFileReference; fileEncoding = 4; lastKnownFileType = sourcecode.c.h; path = TableViewController.h; sourceTree = "<group>"; };
		9E4AC0131C414BBB00C5D5C2 /* TableViewController.m */ = {isa = PBXFileReference; fileEncoding = 4; lastKnownFileType = sourcecode.c.objc; path = TableViewController.m; sourceTree = "<group>"; };
		9E4AC0151C414D8100C5D5C2 /* peopleInfo.h */ = {isa = PBXFileReference; fileEncoding = 4; lastKnownFileType = sourcecode.c.h; path = peopleInfo.h; sourceTree = "<group>"; };
		9E4AC0161C414D8100C5D5C2 /* peopleInfo.m */ = {isa = PBXFileReference; fileEncoding = 4; lastKnownFileType = sourcecode.c.objc; path = peopleInfo.m; sourceTree = "<group>"; };
		9E4AC01A1C41500100C5D5C2 /* DatabaseWorker.h */ = {isa = PBXFileReference; fileEncoding = 4; lastKnownFileType = sourcecode.c.h; path = DatabaseWorker.h; sourceTree = "<group>"; };
		9E4AC01B1C41500100C5D5C2 /* DatabaseWorker.m */ = {isa = PBXFileReference; fileEncoding = 4; lastKnownFileType = sourcecode.c.objc; path = DatabaseWorker.m; sourceTree = "<group>"; };
		9E4AC01F1C41671900C5D5C2 /* addDataController.h */ = {isa = PBXFileReference; fileEncoding = 4; lastKnownFileType = sourcecode.c.h; path = addDataController.h; sourceTree = "<group>"; };
		9E4AC0201C41671900C5D5C2 /* addDataController.m */ = {isa = PBXFileReference; fileEncoding = 4; lastKnownFileType = sourcecode.c.objc; path = addDataController.m; sourceTree = "<group>"; };
		9E4AC0221C416D4800C5D5C2 /* EditDataViewController.h */ = {isa = PBXFileReference; fileEncoding = 4; lastKnownFileType = sourcecode.c.h; path = EditDataViewController.h; sourceTree = "<group>"; };
		9E4AC0231C416D4800C5D5C2 /* EditDataViewController.m */ = {isa = PBXFileReference; fileEncoding = 4; lastKnownFileType = sourcecode.c.objc; path = EditDataViewController.m; sourceTree = "<group>"; };
		9E4AC0251C4174E700C5D5C2 /* peopleInfo.sqlite3 */ = {isa = PBXFileReference; lastKnownFileType = file; path = peopleInfo.sqlite3; sourceTree = "<group>"; };
		AA23977E1C11D55800DB327F /* Lesson14.app */ = {isa = PBXFileReference; explicitFileType = wrapper.application; includeInIndex = 0; path = Lesson14.app; sourceTree = BUILT_PRODUCTS_DIR; };
		AA2397821C11D55900DB327F /* main.m */ = {isa = PBXFileReference; lastKnownFileType = sourcecode.c.objc; path = main.m; sourceTree = "<group>"; };
		AA2397841C11D55900DB327F /* AppDelegate.h */ = {isa = PBXFileReference; lastKnownFileType = sourcecode.c.h; path = AppDelegate.h; sourceTree = "<group>"; };
		AA2397851C11D55900DB327F /* AppDelegate.m */ = {isa = PBXFileReference; lastKnownFileType = sourcecode.c.objc; path = AppDelegate.m; sourceTree = "<group>"; };
		AA23978B1C11D55900DB327F /* Base */ = {isa = PBXFileReference; lastKnownFileType = file.storyboard; name = Base; path = Base.lproj/Main.storyboard; sourceTree = "<group>"; };
		AA23978D1C11D55900DB327F /* Assets.xcassets */ = {isa = PBXFileReference; lastKnownFileType = folder.assetcatalog; path = Assets.xcassets; sourceTree = "<group>"; };
		AA2397901C11D55900DB327F /* Base */ = {isa = PBXFileReference; lastKnownFileType = file.storyboard; name = Base; path = Base.lproj/LaunchScreen.storyboard; sourceTree = "<group>"; };
		AA2397921C11D55900DB327F /* Info.plist */ = {isa = PBXFileReference; lastKnownFileType = text.plist.xml; path = Info.plist; sourceTree = "<group>"; };
		AA23979D1C11DC4800DB327F /* libsqlite3.tbd */ = {isa = PBXFileReference; lastKnownFileType = "sourcecode.text-based-dylib-definition"; name = libsqlite3.tbd; path = usr/lib/libsqlite3.tbd; sourceTree = SDKROOT; };
/* End PBXFileReference section */

/* Begin PBXFrameworksBuildPhase section */
		AA23977B1C11D55800DB327F /* Frameworks */ = {
			isa = PBXFrameworksBuildPhase;
			buildActionMask = 2147483647;
			files = (
				AA23979E1C11DC4800DB327F /* libsqlite3.tbd in Frameworks */,
			);
			runOnlyForDeploymentPostprocessing = 0;
		};
/* End PBXFrameworksBuildPhase section */

/* Begin PBXGroup section */
		9E4AC0181C414FC600C5D5C2 /* Model */ = {
			isa = PBXGroup;
			children = (
				9E4AC0151C414D8100C5D5C2 /* peopleInfo.h */,
				9E4AC0161C414D8100C5D5C2 /* peopleInfo.m */,
			);
			name = Model;
			sourceTree = "<group>";
		};
		9E4AC0191C414FDC00C5D5C2 /* DatabaseWorker */ = {
			isa = PBXGroup;
			children = (
				9E4AC01A1C41500100C5D5C2 /* DatabaseWorker.h */,
				9E4AC01B1C41500100C5D5C2 /* DatabaseWorker.m */,
			);
			name = DatabaseWorker;
			sourceTree = "<group>";
		};
		AA2397751C11D55800DB327F = {
			isa = PBXGroup;
			children = (
				9E4AC0251C4174E700C5D5C2 /* peopleInfo.sqlite3 */,
				AA23979D1C11DC4800DB327F /* libsqlite3.tbd */,
				AA2397801C11D55900DB327F /* Lesson14 */,
				AA23977F1C11D55800DB327F /* Products */,
			);
			sourceTree = "<group>";
		};
		AA23977F1C11D55800DB327F /* Products */ = {
			isa = PBXGroup;
			children = (
				AA23977E1C11D55800DB327F /* Lesson14.app */,
			);
			name = Products;
			sourceTree = "<group>";
		};
		AA2397801C11D55900DB327F /* Lesson14 */ = {
			isa = PBXGroup;
			children = (
				9E4AC0191C414FDC00C5D5C2 /* DatabaseWorker */,
				9E4AC0181C414FC600C5D5C2 /* Model */,
				AA2397841C11D55900DB327F /* AppDelegate.h */,
				AA2397851C11D55900DB327F /* AppDelegate.m */,
				AA23978A1C11D55900DB327F /* Main.storyboard */,
				AA23978D1C11D55900DB327F /* Assets.xcassets */,
				AA23978F1C11D55900DB327F /* LaunchScreen.storyboard */,
				AA2397921C11D55900DB327F /* Info.plist */,
				AA2397811C11D55900DB327F /* Supporting Files */,
				9E4AC0121C414BBB00C5D5C2 /* TableViewController.h */,
				9E4AC0131C414BBB00C5D5C2 /* TableViewController.m */,
				9E4AC01F1C41671900C5D5C2 /* addDataController.h */,
				9E4AC0201C41671900C5D5C2 /* addDataController.m */,
				9E4AC0221C416D4800C5D5C2 /* EditDataViewController.h */,
				9E4AC0231C416D4800C5D5C2 /* EditDataViewController.m */,
			);
			path = Lesson14;
			sourceTree = "<group>";
		};
		AA2397811C11D55900DB327F /* Supporting Files */ = {
			isa = PBXGroup;
			children = (
				AA2397821C11D55900DB327F /* main.m */,
			);
			name = "Supporting Files";
			sourceTree = "<group>";
		};
/* End PBXGroup section */

/* Begin PBXNativeTarget section */
		AA23977D1C11D55800DB327F /* Lesson14 */ = {
			isa = PBXNativeTarget;
			buildConfigurationList = AA2397951C11D55900DB327F /* Build configuration list for PBXNativeTarget "Lesson14" */;
			buildPhases = (
				AA23977A1C11D55800DB327F /* Sources */,
				AA23977B1C11D55800DB327F /* Frameworks */,
				AA23977C1C11D55800DB327F /* Resources */,
			);
			buildRules = (
			);
			dependencies = (
			);
			name = Lesson14;
			productName = Lesson14;
			productReference = AA23977E1C11D55800DB327F /* Lesson14.app */;
			productType = "com.apple.product-type.application";
		};
/* End PBXNativeTarget section */

/* Begin PBXProject section */
		AA2397761C11D55800DB327F /* Project object */ = {
			isa = PBXProject;
			attributes = {
				LastUpgradeCheck = 0710;
				ORGANIZATIONNAME = "Azat Almeev";
				TargetAttributes = {
					AA23977D1C11D55800DB327F = {
						CreatedOnToolsVersion = 7.1.1;
					};
				};
			};
			buildConfigurationList = AA2397791C11D55800DB327F /* Build configuration list for PBXProject "Lesson14" */;
			compatibilityVersion = "Xcode 3.2";
			developmentRegion = English;
			hasScannedForEncodings = 0;
			knownRegions = (
				en,
				Base,
			);
			mainGroup = AA2397751C11D55800DB327F;
			productRefGroup = AA23977F1C11D55800DB327F /* Products */;
			projectDirPath = "";
			projectRoot = "";
			targets = (
				AA23977D1C11D55800DB327F /* Lesson14 */,
			);
		};
/* End PBXProject section */

/* Begin PBXResourcesBuildPhase section */
		AA23977C1C11D55800DB327F /* Resources */ = {
			isa = PBXResourcesBuildPhase;
			buildActionMask = 2147483647;
			files = (
				AA2397911C11D55900DB327F /* LaunchScreen.storyboard in Resources */,
				AA23978E1C11D55900DB327F /* Assets.xcassets in Resources */,
				9E4AC0261C4174E700C5D5C2 /* peopleInfo.sqlite3 in Resources */,
				AA23978C1C11D55900DB327F /* Main.storyboard in Resources */,
			);
			runOnlyForDeploymentPostprocessing = 0;
		};
/* End PBXResourcesBuildPhase section */

/* Begin PBXSourcesBuildPhase section */
		AA23977A1C11D55800DB327F /* Sources */ = {
			isa = PBXSourcesBuildPhase;
			buildActionMask = 2147483647;
			files = (
				9E4AC0171C414D8100C5D5C2 /* peopleInfo.m in Sources */,
				9E4AC0241C416D4800C5D5C2 /* EditDataViewController.m in Sources */,
				9E4AC0211C41671900C5D5C2 /* addDataController.m in Sources */,
				AA2397861C11D55900DB327F /* AppDelegate.m in Sources */,
				9E4AC0141C414BBB00C5D5C2 /* TableViewController.m in Sources */,
				AA2397831C11D55900DB327F /* main.m in Sources */,
				9E4AC01C1C41500100C5D5C2 /* DatabaseWorker.m in Sources */,
			);
			runOnlyForDeploymentPostprocessing = 0;
		};
/* End PBXSourcesBuildPhase section */

/* Begin PBXVariantGroup section */
		AA23978A1C11D55900DB327F /* Main.storyboard */ = {
			isa = PBXVariantGroup;
			children = (
				AA23978B1C11D55900DB327F /* Base */,
			);
			name = Main.storyboard;
			sourceTree = "<group>";
		};
		AA23978F1C11D55900DB327F /* LaunchScreen.storyboard */ = {
			isa = PBXVariantGroup;
			children = (
				AA2397901C11D55900DB327F /* Base */,
			);
			name = LaunchScreen.storyboard;
			sourceTree = "<group>";
		};
/* End PBXVariantGroup section */

/* Begin XCBuildConfiguration section */
		AA2397931C11D55900DB327F /* Debug */ = {
			isa = XCBuildConfiguration;
			buildSettings = {
				ALWAYS_SEARCH_USER_PATHS = NO;
				CLANG_CXX_LANGUAGE_STANDARD = "gnu++0x";
				CLANG_CXX_LIBRARY = "libc++";
				CLANG_ENABLE_MODULES = YES;
				CLANG_ENABLE_OBJC_ARC = YES;
				CLANG_WARN_BOOL_CONVERSION = YES;
				CLANG_WARN_CONSTANT_CONVERSION = YES;
				CLANG_WARN_DIRECT_OBJC_ISA_USAGE = YES_ERROR;
				CLANG_WARN_EMPTY_BODY = YES;
				CLANG_WARN_ENUM_CONVERSION = YES;
				CLANG_WARN_INT_CONVERSION = YES;
				CLANG_WARN_OBJC_ROOT_CLASS = YES_ERROR;
				CLANG_WARN_UNREACHABLE_CODE = YES;
				CLANG_WARN__DUPLICATE_METHOD_MATCH = YES;
				"CODE_SIGN_IDENTITY[sdk=iphoneos*]" = "iPhone Developer";
				COPY_PHASE_STRIP = NO;
				DEBUG_INFORMATION_FORMAT = dwarf;
				ENABLE_STRICT_OBJC_MSGSEND = YES;
				ENABLE_TESTABILITY = YES;
				GCC_C_LANGUAGE_STANDARD = gnu99;
				GCC_DYNAMIC_NO_PIC = NO;
				GCC_NO_COMMON_BLOCKS = YES;
				GCC_OPTIMIZATION_LEVEL = 0;
				GCC_PREPROCESSOR_DEFINITIONS = (
					"DEBUG=1",
					"$(inherited)",
				);
				GCC_WARN_64_TO_32_BIT_CONVERSION = YES;
				GCC_WARN_ABOUT_RETURN_TYPE = YES_ERROR;
				GCC_WARN_UNDECLARED_SELECTOR = YES;
				GCC_WARN_UNINITIALIZED_AUTOS = YES_AGGRESSIVE;
				GCC_WARN_UNUSED_FUNCTION = YES;
				GCC_WARN_UNUSED_VARIABLE = YES;
				IPHONEOS_DEPLOYMENT_TARGET = 9.1;
				MTL_ENABLE_DEBUG_INFO = YES;
				ONLY_ACTIVE_ARCH = YES;
				SDKROOT = iphoneos;
				TARGETED_DEVICE_FAMILY = "1,2";
			};
			name = Debug;
		};
		AA2397941C11D55900DB327F /* Release */ = {
			isa = XCBuildConfiguration;
			buildSettings = {
				ALWAYS_SEARCH_USER_PATHS = NO;
				CLANG_CXX_LANGUAGE_STANDARD = "gnu++0x";
				CLANG_CXX_LIBRARY = "libc++";
				CLANG_ENABLE_MODULES = YES;
				CLANG_ENABLE_OBJC_ARC = YES;
				CLANG_WARN_BOOL_CONVERSION = YES;
				CLANG_WARN_CONSTANT_CONVERSION = YES;
				CLANG_WARN_DIRECT_OBJC_ISA_USAGE = YES_ERROR;
				CLANG_WARN_EMPTY_BODY = YES;
				CLANG_WARN_ENUM_CONVERSION = YES;
				CLANG_WARN_INT_CONVERSION = YES;
				CLANG_WARN_OBJC_ROOT_CLASS = YES_ERROR;
				CLANG_WARN_UNREACHABLE_CODE = YES;
				CLANG_WARN__DUPLICATE_METHOD_MATCH = YES;
				"CODE_SIGN_IDENTITY[sdk=iphoneos*]" = "iPhone Developer";
				COPY_PHASE_STRIP = NO;
				DEBUG_INFORMATION_FORMAT = "dwarf-with-dsym";
				ENABLE_NS_ASSERTIONS = NO;
				ENABLE_STRICT_OBJC_MSGSEND = YES;
				GCC_C_LANGUAGE_STANDARD = gnu99;
				GCC_NO_COMMON_BLOCKS = YES;
				GCC_WARN_64_TO_32_BIT_CONVERSION = YES;
				GCC_WARN_ABOUT_RETURN_TYPE = YES_ERROR;
				GCC_WARN_UNDECLARED_SELECTOR = YES;
				GCC_WARN_UNINITIALIZED_AUTOS = YES_AGGRESSIVE;
				GCC_WARN_UNUSED_FUNCTION = YES;
				GCC_WARN_UNUSED_VARIABLE = YES;
				IPHONEOS_DEPLOYMENT_TARGET = 9.1;
				MTL_ENABLE_DEBUG_INFO = NO;
				SDKROOT = iphoneos;
				TARGETED_DEVICE_FAMILY = "1,2";
				VALIDATE_PRODUCT = YES;
			};
			name = Release;
		};
		AA2397961C11D55900DB327F /* Debug */ = {
			isa = XCBuildConfiguration;
			buildSettings = {
				ASSETCATALOG_COMPILER_APPICON_NAME = AppIcon;
				INFOPLIST_FILE = Lesson14/Info.plist;
				LD_RUNPATH_SEARCH_PATHS = "$(inherited) @executable_path/Frameworks";
				PRODUCT_BUNDLE_IDENTIFIER = ru.azatalmeev.Lesson14;
				PRODUCT_NAME = "$(TARGET_NAME)";
			};
			name = Debug;
		};
		AA2397971C11D55900DB327F /* Release */ = {
			isa = XCBuildConfiguration;
			buildSettings = {
				ASSETCATALOG_COMPILER_APPICON_NAME = AppIcon;
				INFOPLIST_FILE = Lesson14/Info.plist;
				LD_RUNPATH_SEARCH_PATHS = "$(inherited) @executable_path/Frameworks";
				PRODUCT_BUNDLE_IDENTIFIER = ru.azatalmeev.Lesson14;
				PRODUCT_NAME = "$(TARGET_NAME)";
			};
			name = Release;
		};
/* End XCBuildConfiguration section */

/* Begin XCConfigurationList section */
		AA2397791C11D55800DB327F /* Build configuration list for PBXProject "Lesson14" */ = {
			isa = XCConfigurationList;
			buildConfigurations = (
				AA2397931C11D55900DB327F /* Debug */,
				AA2397941C11D55900DB327F /* Release */,
			);
			defaultConfigurationIsVisible = 0;
			defaultConfigurationName = Release;
		};
		AA2397951C11D55900DB327F /* Build configuration list for PBXNativeTarget "Lesson14" */ = {
			isa = XCConfigurationList;
			buildConfigurations = (
				AA2397961C11D55900DB327F /* Debug */,
				AA2397971C11D55900DB327F /* Release */,
			);
			defaultConfigurationIsVisible = 0;
			defaultConfigurationName = Release;
		};
/* End XCConfigurationList section */
	};
	rootObject = AA2397761C11D55800DB327F /* Project object */;
}
